{
  "version": 4,
  "terraform_version": "1.15.3",
  "serial": 31,
  "lineage": "f160164c-9191-e253-7e07-87d9c707e6d5",
  "outputs": {},
  "resources": [
    {
      "mode": "data",
      "type": "template_file",
      "name": "cloudinit",
      "provider": "provider[\"registry.terraform.io/hashicorp/template\"]",
      "instances": [
        {
          "schema_version": 0,
          "attributes": {
            "filename": null,
            "id": "631fb342d3a5ee873ec2b29e392fffdee7f967cfd566f41807f1eab42dcd901c",
            "rendered": "#cloud-config\nusers:\n  - name: ubuntu\n    groups: sudo\n    shell: /bin/bash\n    sudo: [\"ALL=(ALL) NOPASSWD:ALL\"]\n    ssh_authorized_keys:\n      - ssh-ed25519 AAAAC3NzaC1lZDI1NTE5AAAAIFO6A5x00jIaQ4AYk7oMvtC/QZPCM3EUf43FkJqU5Y1y netology-terraform\npackage_update: true\npackage_upgrade: true\npackages:\n  - nginx\n  - vim\nruncmd:\n  - systemctl enable nginx\n  - systemctl start nginx\n",
            "template": "#cloud-config\nusers:\n  - name: ubuntu\n    groups: sudo\n    shell: /bin/bash\n    sudo: [\"ALL=(ALL) NOPASSWD:ALL\"]\n    ssh_authorized_keys:\n      - ${ssh_public_key}\npackage_update: true\npackage_upgrade: true\npackages:\n  - nginx\n  - vim\nruncmd:\n  - systemctl enable nginx\n  - systemctl start nginx\n",
            "vars": {
              "ssh_public_key": "ssh-ed25519 AAAAC3NzaC1lZDI1NTE5AAAAIFO6A5x00jIaQ4AYk7oMvtC/QZPCM3EUf43FkJqU5Y1y netology-terraform"
            }
          },
          "sensitive_attributes": [],
          "identity_schema_version": 0
        }
      ]
    },
    {
      "mode": "managed",
      "type": "yandex_compute_instance",
      "name": "analytics",
      "provider": "provider[\"registry.terraform.io/yandex-cloud/yandex\"]",
      "instances": [
        {
          "schema_version": 1,
          "attributes": {
            "allow_recreate": null,
            "allow_stopping_for_update": null,
            "boot_disk": [
              {
                "auto_delete": true,
                "device_name": "epd0pfv0oid8d352qncr",
                "disk_id": "epd0pfv0oid8d352qncr",
                "initialize_params": [
                  {
                    "block_size": 4096,
                    "description": "",
                    "image_id": "fd8sjgpd03nsicrg3tlt",
                    "kms_key_id": "",
                    "name": "",
                    "size": 10,
                    "snapshot_id": "",
                    "type": "network-hdd"
                  }
                ],
                "mode": "READ_WRITE"
              }
            ],
            "created_at": "2026-05-21T12:20:48Z",
            "description": "",
            "filesystem": [],
            "folder_id": "b1g5m6nu8f7nl3dmsjot",
            "fqdn": "analytics-web-analytics-0.ru-central1.internal",
            "gpu_cluster_id": "",
            "hardware_generation": [
              {
                "generation2_features": [],
                "legacy_features": [
                  {
                    "pci_topology": "PCI_TOPOLOGY_V2"
                  }
                ]
              }
            ],
            "hostname": "analytics-web-analytics-0",
            "id": "epdrsvh8v4174t3b824n",
            "labels": {
              "project": "analytics"
            },
            "local_disk": [],
            "maintenance_grace_period": "",
            "maintenance_policy": null,
            "metadata": {
              "user-data": "#cloud-config\nusers:\n  - name: ubuntu\n    groups: sudo\n    shell: /bin/bash\n    sudo: [\"ALL=(ALL) NOPASSWD:ALL\"]\n    ssh_authorized_keys:\n      - ssh-ed25519 AAAAC3NzaC1lZDI1NTE5AAAAIFO6A5x00jIaQ4AYk7oMvtC/QZPCM3EUf43FkJqU5Y1y netology-terraform\npackage_update: true\npackage_upgrade: true\npackages:\n  - nginx\n  - vim\nruncmd:\n  - systemctl enable nginx\n  - systemctl start nginx\n"
            },
            "metadata_options": [
              {
                "aws_v1_http_endpoint": 1,
                "aws_v1_http_token": 2,
                "aws_v2_http_endpoint": 1,
                "aws_v2_http_token": 1,
                "gce_http_endpoint": 1,
                "gce_http_token": 1
              }
            ],
            "name": "analytics-web-analytics-0",
            "network_acceleration_type": "standard",
            "network_interface": [
              {
                "dns_record": [],
                "index": 0,
                "ip_address": "10.0.2.7",
                "ipv4": true,
                "ipv6": false,
                "ipv6_address": "",
                "ipv6_dns_record": [],
                "mac_address": "d0:0d:1b:e7:e2:8f",
                "nat": true,
                "nat_dns_record": [],
                "nat_ip_address": "158.160.12.223",
                "nat_ip_version": "IPV4",
                "security_group_ids": null,
                "subnet_id": "e2lmeddc244obpsfgqqo"
              }
            ],
            "placement_policy": [
              {
                "host_affinity_rules": [],
                "placement_group_id": "",
                "placement_group_partition": 0
              }
            ],
            "platform_id": "standard-v1",
            "resources": [
              {
                "core_fraction": 5,
                "cores": 2,
                "gpus": 0,
                "memory": 1
              }
            ],
            "scheduling_policy": [
              {
                "preemptible": true
              }
            ],
            "secondary_disk": [],
            "service_account_id": "",
            "status": "running",
            "timeouts": null,
            "zone": "ru-central1-b"
          },
          "sensitive_attributes": [],
          "identity_schema_version": 0,
          "private": "eyJlMmJmYjczMC1lY2FhLTExZTYtOGY4OC0zNDM2M2JjN2M0YzAiOnsiY3JlYXRlIjozMDAwMDAwMDAwMDAsImRlbGV0ZSI6MzAwMDAwMDAwMDAwLCJ1cGRhdGUiOjMwMDAwMDAwMDAwMH0sInNjaGVtYV92ZXJzaW9uIjoiMSJ9",
          "dependencies": [
            "data.template_file.cloudinit",
            "module.vpc_analytics.yandex_vpc_network.this",
            "module.vpc_analytics.yandex_vpc_subnet.this"
          ]
        }
      ]
    },
    {
      "mode": "managed",
      "type": "yandex_compute_instance",
      "name": "marketing",
      "provider": "provider[\"registry.terraform.io/yandex-cloud/yandex\"]",
      "instances": [
        {
          "schema_version": 1,
          "attributes": {
            "allow_recreate": null,
            "allow_stopping_for_update": null,
            "boot_disk": [
              {
                "auto_delete": true,
                "device_name": "fhmdevj7l5h9gf49ghnn",
                "disk_id": "fhmdevj7l5h9gf49ghnn",
                "initialize_params": [
                  {
                    "block_size": 4096,
                    "description": "",
                    "image_id": "fd8sjgpd03nsicrg3tlt",
                    "kms_key_id": "",
                    "name": "",
                    "size": 10,
                    "snapshot_id": "",
                    "type": "network-hdd"
                  }
                ],
                "mode": "READ_WRITE"
              }
            ],
            "created_at": "2026-05-21T12:20:47Z",
            "description": "",
            "filesystem": [],
            "folder_id": "b1g5m6nu8f7nl3dmsjot",
            "fqdn": "marketing-web-marketing-0.ru-central1.internal",
            "gpu_cluster_id": "",
            "hardware_generation": [
              {
                "generation2_features": [],
                "legacy_features": [
                  {
                    "pci_topology": "PCI_TOPOLOGY_V2"
                  }
                ]
              }
            ],
            "hostname": "marketing-web-marketing-0",
            "id": "fhmfjn885k4hvmu86vnn",
            "labels": {
              "project": "marketing"
            },
            "local_disk": [],
            "maintenance_grace_period": "",
            "maintenance_policy": null,
            "metadata": {
              "user-data": "#cloud-config\nusers:\n  - name: ubuntu\n    groups: sudo\n    shell: /bin/bash\n    sudo: [\"ALL=(ALL) NOPASSWD:ALL\"]\n    ssh_authorized_keys:\n      - ssh-ed25519 AAAAC3NzaC1lZDI1NTE5AAAAIFO6A5x00jIaQ4AYk7oMvtC/QZPCM3EUf43FkJqU5Y1y netology-terraform\npackage_update: true\npackage_upgrade: true\npackages:\n  - nginx\n  - vim\nruncmd:\n  - systemctl enable nginx\n  - systemctl start nginx\n"
            },
            "metadata_options": [
              {
                "aws_v1_http_endpoint": 1,
                "aws_v1_http_token": 2,
                "aws_v2_http_endpoint": 1,
                "aws_v2_http_token": 1,
                "gce_http_endpoint": 1,
                "gce_http_token": 1
              }
            ],
            "name": "marketing-web-marketing-0",
            "network_acceleration_type": "standard",
            "network_interface": [
              {
                "dns_record": [],
                "index": 0,
                "ip_address": "10.0.1.22",
                "ipv4": true,
                "ipv6": false,
                "ipv6_address": "",
                "ipv6_dns_record": [],
                "mac_address": "d0:0d:f9:dd:08:2d",
                "nat": true,
                "nat_dns_record": [],
                "nat_ip_address": "93.77.179.104",
                "nat_ip_version": "IPV4",
                "security_group_ids": null,
                "subnet_id": "e9bncur9992dca0phc1o"
              }
            ],
            "placement_policy": [
              {
                "host_affinity_rules": [],
                "placement_group_id": "",
                "placement_group_partition": 0
              }
            ],
            "platform_id": "standard-v1",
            "resources": [
              {
                "core_fraction": 5,
                "cores": 2,
                "gpus": 0,
                "memory": 1
              }
            ],
            "scheduling_policy": [
              {
                "preemptible": true
              }
            ],
            "secondary_disk": [],
            "service_account_id": "",
            "status": "running",
            "timeouts": null,
            "zone": "ru-central1-a"
          },
          "sensitive_attributes": [],
          "identity_schema_version": 0,
          "private": "eyJlMmJmYjczMC1lY2FhLTExZTYtOGY4OC0zNDM2M2JjN2M0YzAiOnsiY3JlYXRlIjozMDAwMDAwMDAwMDAsImRlbGV0ZSI6MzAwMDAwMDAwMDAwLCJ1cGRhdGUiOjMwMDAwMDAwMDAwMH0sInNjaGVtYV92ZXJzaW9uIjoiMSJ9",
          "dependencies": [
            "data.template_file.cloudinit",
            "module.vpc_marketing.yandex_vpc_network.this",
            "module.vpc_marketing.yandex_vpc_subnet.this"
          ]
        }
      ]
    },
    {
      "module": "module.vpc_analytics",
      "mode": "managed",
      "type": "yandex_vpc_network",
      "name": "this",
      "provider": "provider[\"registry.terraform.io/yandex-cloud/yandex\"]",
      "instances": [
        {
          "schema_version": 0,
          "attributes": {
            "created_at": "2026-05-21T12:18:46Z",
            "default_security_group_id": "enp3ie4gjikc4v523aqu",
            "description": "",
            "folder_id": "b1g5m6nu8f7nl3dmsjot",
            "id": "enpq3uc9aahvnvlq5edf",
            "labels": {},
            "name": "develop-analytics",
            "subnet_ids": [
              "e2lmeddc244obpsfgqqo"
            ],
            "timeouts": null
          },
          "sensitive_attributes": [],
          "identity_schema_version": 0,
          "private": "eyJlMmJmYjczMC1lY2FhLTExZTYtOGY4OC0zNDM2M2JjN2M0YzAiOnsiY3JlYXRlIjo2MDAwMDAwMDAwMCwiZGVsZXRlIjo2MDAwMDAwMDAwMCwidXBkYXRlIjo2MDAwMDAwMDAwMH19"
        }
      ]
    },
    {
      "module": "module.vpc_analytics",
      "mode": "managed",
      "type": "yandex_vpc_subnet",
      "name": "this",
      "provider": "provider[\"registry.terraform.io/yandex-cloud/yandex\"]",
      "instances": [
        {
          "schema_version": 0,
          "attributes": {
            "created_at": "2026-05-21T12:18:48Z",
            "description": "",
            "dhcp_options": [],
            "folder_id": "b1g5m6nu8f7nl3dmsjot",
            "id": "e2lmeddc244obpsfgqqo",
            "labels": {},
            "name": "develop-analytics-subnet",
            "network_id": "enpq3uc9aahvnvlq5edf",
            "route_table_id": "",
            "timeouts": null,
            "v4_cidr_blocks": [
              "10.0.2.0/24"
            ],
            "v6_cidr_blocks": [],
            "zone": "ru-central1-b"
          },
          "sensitive_attributes": [],
          "identity_schema_version": 0,
          "private": "eyJlMmJmYjczMC1lY2FhLTExZTYtOGY4OC0zNDM2M2JjN2M0YzAiOnsiY3JlYXRlIjoxODAwMDAwMDAwMDAsImRlbGV0ZSI6MTgwMDAwMDAwMDAwLCJ1cGRhdGUiOjE4MDAwMDAwMDAwMH19",
          "dependencies": [
            "module.vpc_analytics.yandex_vpc_network.this"
          ]
        }
      ]
    }
  ],
  "check_results": null
}
