{
  "version": 4,
  "terraform_version": "1.15.3",
  "serial": 65,
  "lineage": "f160164c-9191-e253-7e07-87d9c707e6d5",
  "outputs": {},
  "resources": [
    {
      "module": "module.mysql_cluster_example",
      "mode": "managed",
      "type": "yandex_mdb_mysql_cluster",
      "name": "this",
      "provider": "provider[\"registry.terraform.io/hashicorp/yandex\"]",
      "instances": [
        {
          "schema_version": 0,
          "attributes": {
            "access": [
              {
                "data_lens": false,
                "data_transfer": false,
                "web_sql": false,
                "yandex_query": false
              }
            ],
            "allow_regeneration_host": false,
            "backup_retain_period_days": 7,
            "backup_window_start": [
              {
                "hours": 0,
                "minutes": 0
              }
            ],
            "created_at": "2026-05-21T13:26:25Z",
            "database": [],
            "deletion_protection": false,
            "description": "",
            "disk_encryption_key_id": null,
            "disk_size_autoscaling": [
              {
                "disk_size_limit": 0,
                "emergency_usage_threshold": 0,
                "planned_usage_threshold": 0
              }
            ],
            "environment": "PRESTABLE",
            "folder_id": "b1g5m6nu8f7nl3dmsjot",
            "health": "ALIVE",
            "host": [
              {
                "assign_public_ip": false,
                "backup_priority": 0,
                "fqdn": "rc1a-v8pqqd46q3dvjlhj.mdb.yandexcloud.net",
                "name": "",
                "priority": 0,
                "replication_source": "",
                "replication_source_name": "",
                "subnet_id": "e9boqfkpva4sg6kairhq",
                "zone": "ru-central1-a"
              }
            ],
            "host_group_ids": [],
            "id": "c9q72krs1258jjd37qdn",
            "labels": {},
            "maintenance_window": [
              {
                "day": "",
                "hour": 0,
                "type": "ANYTIME"
              }
            ],
            "mysql_config": {
              "binlog_transaction_dependency_tracking": "0",
              "sql_mode": "ONLY_FULL_GROUP_BY,STRICT_TRANS_TABLES,NO_ZERO_IN_DATE,NO_ZERO_DATE,ERROR_FOR_DIVISION_BY_ZERO,NO_ENGINE_SUBSTITUTION"
            },
            "name": "example",
            "network_id": "enp3e4pcaumpol0d1o1s",
            "performance_diagnostics": [
              {
                "enabled": false,
                "sessions_sampling_interval": 60,
                "statements_sampling_interval": 600
              }
            ],
            "resources": [
              {
                "disk_size": 10,
                "disk_type_id": "network-ssd",
                "resource_preset_id": "s2.micro"
              }
            ],
            "restore": [],
            "security_group_ids": [],
            "status": "RUNNING",
            "timeouts": null,
            "user": [],
            "version": "8.0"
          },
          "sensitive_attributes": [],
          "identity_schema_version": 0,
          "private": "eyJlMmJmYjczMC1lY2FhLTExZTYtOGY4OC0zNDM2M2JjN2M0YzAiOnsiY3JlYXRlIjoxODAwMDAwMDAwMDAwLCJkZWxldGUiOjE4MDAwMDAwMDAwMDAsInVwZGF0ZSI6MzYwMDAwMDAwMDAwMH19"
        }
      ]
    },
    {
      "module": "module.mysql_db_test",
      "mode": "managed",
      "type": "yandex_mdb_mysql_database",
      "name": "this",
      "provider": "provider[\"registry.terraform.io/hashicorp/yandex\"]",
      "instances": [
        {
          "schema_version": 0,
          "attributes": {
            "cluster_id": "c9q72krs1258jjd37qdn",
            "id": "c9q72krs1258jjd37qdn:test",
            "name": "test",
            "timeouts": null
          },
          "sensitive_attributes": [],
          "identity_schema_version": 0,
          "private": "eyJlMmJmYjczMC1lY2FhLTExZTYtOGY4OC0zNDM2M2JjN2M0YzAiOnsiY3JlYXRlIjo2MDAwMDAwMDAwMDAsImRlbGV0ZSI6NjAwMDAwMDAwMDAwLCJyZWFkIjo2MDAwMDAwMDAwMCwidXBkYXRlIjo2MDAwMDAwMDAwMDB9fQ==",
          "dependencies": [
            "module.mysql_cluster_example.yandex_mdb_mysql_cluster.this"
          ]
        }
      ]
    },
    {
      "module": "module.mysql_db_test",
      "mode": "managed",
      "type": "yandex_mdb_mysql_user",
      "name": "this",
      "provider": "provider[\"registry.terraform.io/hashicorp/yandex\"]",
      "instances": [
        {
          "schema_version": 0,
          "attributes": {
            "authentication_plugin": null,
            "cluster_id": "c9q72krs1258jjd37qdn",
            "connection_limits": [],
            "connection_manager": {
              "connection_id": "a59r48tk7rqlmkfpnf9c"
            },
            "generate_password": false,
            "global_permissions": [],
            "id": "c9q72krs1258jjd37qdn:app",
            "name": "app",
            "password": "P@ssw0rd12345678",
            "permission": [
              {
                "database_name": "test",
                "roles": [
                  "ALL"
                ]
              }
            ],
            "timeouts": null
          },
          "sensitive_attributes": [
            [
              {
                "type": "get_attr",
                "value": "password"
              }
            ]
          ],
          "identity_schema_version": 0,
          "private": "eyJlMmJmYjczMC1lY2FhLTExZTYtOGY4OC0zNDM2M2JjN2M0YzAiOnsiY3JlYXRlIjo2MDAwMDAwMDAwMDAsImRlbGV0ZSI6NjAwMDAwMDAwMDAwLCJyZWFkIjo2MDAwMDAwMDAwMCwidXBkYXRlIjo2MDAwMDAwMDAwMDB9fQ==",
          "dependencies": [
            "module.mysql_cluster_example.yandex_mdb_mysql_cluster.this",
            "module.mysql_db_test.yandex_mdb_mysql_database.this"
          ]
        }
      ]
    }
  ],
  "check_results": null
}
